PODS:
  - KYShutterButton (2.0.1)
  - PanModal (1.2.7)
  - SCLAlertView (0.8)
  - YoutubePlayer-in-WKWebView (0.3.5)

DEPENDENCIES:
  - KYShutterButton
  - PanModal
  - SCLAlertView
  - YoutubePlayer-in-WKWebView (~> 0.3.0)

SPEC REPOS:
  trunk:
    - KYShutterButton
    - PanModal
    - SCLAlertView
    - YoutubePlayer-in-WKWebView

SPEC CHECKSUMS:
  KYShutterButton: 794612eedc2ee75114326f7394703f0f49bf0882
  PanModal: 3e16ead1a907fb06f4df3f13492fd00149fa4974
  SCLAlertView: 6a77bb2edfc65e04dbe57725546cb4107a506b85
  YoutubePlayer-in-WKWebView: cfbf46da51d7370662a695a8f351e5fa1d3e1008

PODFILE CHECKSUM: 25733db3f979d629951dcb0e3f4cc8af5bfc6982

COCOAPODS: 1.10.1
